
Microsoft Visual Studio Solution File, Format Version 12.00
# Visual Studio Version 16
VisualStudioVersion = 16.0.28803.202
MinimumVisualStudioVersion = 10.0.40219.1
Project("{FAE04EC0-301F-11D3-BF4B-00C04F79EFBC}") = "TelegramBotDemo", "TelegramBotDemo\TelegramBotDemo.csproj", "{D5120A2D-FBF7-4EF9-8144-20FAEBD87F46}"
EndProject
Global
	GlobalSection(SolutionConfigurationPlatforms) = preSolution
		Debug|Any CPU = Debug|Any CPU
		Release|Any CPU = Release|Any CPU
	EndGlobalSection
	GlobalSection(ProjectConfigurationPlatforms) = postSolution
		{D5120A2D-FBF7-4EF9-8144-20FAEBD87F46}.Debug|Any CPU.ActiveCfg = Debug|Any CPU
		{D5120A2D-FBF7-4EF9-8144-20FAEBD87F46}.Debug|Any CPU.Build.0 = Debug|Any CPU
		{D5120A2D-FBF7-4EF9-8144-20FAEBD87F46}.Release|Any CPU.ActiveCfg = Release|Any CPU
		{D5120A2D-FBF7-4EF9-8144-20FAEBD87F46}.Release|Any CPU.Build.0 = Release|Any CPU
	EndGlobalSection
	GlobalSection(SolutionProperties) = preSolution
		HideSolutionNode = FALSE
	EndGlobalSection
	GlobalSection(ExtensibilityGlobals) = postSolution
		SolutionGuid = {8AA853CF-B3FE-4A5A-BC0F-0D457AE4DAB2}
	EndGlobalSection
EndGlobal
